
Microsoft Visual Studio Solution File, Format Version 12.00
# Visual Studio Version 16
VisualStudioVersion = 16.0.32630.194
MinimumVisualStudioVersion = 10.0.40219.1
Project("{FAE04EC0-301F-11D3-BF4B-00C04F79EFBC}") = "decodeConsoleApp", "decodeConsoleApp.csproj", "{3C11DED5-8E11-4BD3-822A-5B581E85FA88}"
EndProject
Global
	GlobalSection(SolutionConfigurationPlatforms) = preSolution
		Debug|Any CPU = Debug|Any CPU
		Release|Any CPU = Release|Any CPU
	EndGlobalSection
	GlobalSection(ProjectConfigurationPlatforms) = postSolution
		{3C11DED5-8E11-4BD3-822A-5B581E85FA88}.Debug|Any CPU.ActiveCfg = Debug|Any CPU
		{3C11DED5-8E11-4BD3-822A-5B581E85FA88}.Debug|Any CPU.Build.0 = Debug|Any CPU
		{3C11DED5-8E11-4BD3-822A-5B581E85FA88}.Release|Any CPU.ActiveCfg = Release|Any CPU
		{3C11DED5-8E11-4BD3-822A-5B581E85FA88}.Release|Any CPU.Build.0 = Release|Any CPU
	EndGlobalSection
	GlobalSection(SolutionProperties) = preSolution
		HideSolutionNode = FALSE
	EndGlobalSection
	GlobalSection(ExtensibilityGlobals) = postSolution
		SolutionGuid = {A9CD7010-A923-418E-B505-98D8C76450B5}
	EndGlobalSection
EndGlobal
